
Microsoft Visual Studio Solution File, Format Version 12.00
# Visual Studio Version 17
VisualStudioVersion = 17.7.34018.315
MinimumVisualStudioVersion = 10.0.40219.1
Project("{FAE04EC0-301F-11D3-BF4B-00C04F79EFBC}") = "PrinterDevices", "PrinterDevices.csproj", "{BA521445-6D4B-46A9-B204-13FB205252DE}"
EndProject
Global
	GlobalSection(SolutionConfigurationPlatforms) = preSolution
		Debug|Any CPU = Debug|Any CPU
		Release|Any CPU = Release|Any CPU
	EndGlobalSection
	GlobalSection(ProjectConfigurationPlatforms) = postSolution
		{BA521445-6D4B-46A9-B204-13FB205252DE}.Debug|Any CPU.ActiveCfg = Debug|Any CPU
		{BA521445-6D4B-46A9-B204-13FB205252DE}.Debug|Any CPU.Build.0 = Debug|Any CPU
		{BA521445-6D4B-46A9-B204-13FB205252DE}.Release|Any CPU.ActiveCfg = Release|Any CPU
		{BA521445-6D4B-46A9-B204-13FB205252DE}.Release|Any CPU.Build.0 = Release|Any CPU
	EndGlobalSection
	GlobalSection(SolutionProperties) = preSolution
		HideSolutionNode = FALSE
	EndGlobalSection
	GlobalSection(ExtensibilityGlobals) = postSolution
		SolutionGuid = {E53E3995-E9D1-4808-9F40-8BC1AC0557CA}
	EndGlobalSection
EndGlobal
